
Microsoft Visual Studio Solution File, Format Version 12.00
# Visual Studio Version 17
VisualStudioVersion = 17.8.34330.188
MinimumVisualStudioVersion = 10.0.40219.1
Project("{FAE04EC0-301F-11D3-BF4B-00C04F79EFBC}") = "MenuItemsKolokvijum", "MenuItemsKolokvijum\MenuItemsKolokvijum.csproj", "{AE66631B-2C6F-464E-83FA-A7746561E3CD}"
EndProject
Project("{FAE04EC0-301F-11D3-BF4B-00C04F79EFBC}") = "DataLayer", "DataLayer\DataLayer.csproj", "{07A5CA2C-2A70-49A9-9890-7E2E759B3B46}"
EndProject
Global
	GlobalSection(SolutionConfigurationPlatforms) = preSolution
		Debug|Any CPU = Debug|Any CPU
		Release|Any CPU = Release|Any CPU
	EndGlobalSection
	GlobalSection(ProjectConfigurationPlatforms) = postSolution
		{AE66631B-2C6F-464E-83FA-A7746561E3CD}.Debug|Any CPU.ActiveCfg = Debug|Any CPU
		{AE66631B-2C6F-464E-83FA-A7746561E3CD}.Debug|Any CPU.Build.0 = Debug|Any CPU
		{AE66631B-2C6F-464E-83FA-A7746561E3CD}.Release|Any CPU.ActiveCfg = Release|Any CPU
		{AE66631B-2C6F-464E-83FA-A7746561E3CD}.Release|Any CPU.Build.0 = Release|Any CPU
		{07A5CA2C-2A70-49A9-9890-7E2E759B3B46}.Debug|Any CPU.ActiveCfg = Debug|Any CPU
		{07A5CA2C-2A70-49A9-9890-7E2E759B3B46}.Debug|Any CPU.Build.0 = Debug|Any CPU
		{07A5CA2C-2A70-49A9-9890-7E2E759B3B46}.Release|Any CPU.ActiveCfg = Release|Any CPU
		{07A5CA2C-2A70-49A9-9890-7E2E759B3B46}.Release|Any CPU.Build.0 = Release|Any CPU
	EndGlobalSection
	GlobalSection(SolutionProperties) = preSolution
		HideSolutionNode = FALSE
	EndGlobalSection
	GlobalSection(ExtensibilityGlobals) = postSolution
		SolutionGuid = {C08F0972-18B9-48F7-9028-57924FA43867}
	EndGlobalSection
EndGlobal
